
Microsoft Visual Studio Solution File, Format Version 12.00
# Visual Studio Version 16
VisualStudioVersion = 16.0.30011.22
MinimumVisualStudioVersion = 10.0.40219.1
Project("{FAE04EC0-301F-11D3-BF4B-00C04F79EFBC}") = "QuanLyNhanVien", "QuanLyNhanVien.csproj", "{FB017CC7-7F68-42FB-A0E5-C56F867D74A2}"
EndProject
Global
	GlobalSection(SolutionConfigurationPlatforms) = preSolution
		Debug|Any CPU = Debug|Any CPU
		Release|Any CPU = Release|Any CPU
	EndGlobalSection
	GlobalSection(ProjectConfigurationPlatforms) = postSolution
		{FB017CC7-7F68-42FB-A0E5-C56F867D74A2}.Debug|Any CPU.ActiveCfg = Debug|Any CPU
		{FB017CC7-7F68-42FB-A0E5-C56F867D74A2}.Debug|Any CPU.Build.0 = Debug|Any CPU
		{FB017CC7-7F68-42FB-A0E5-C56F867D74A2}.Release|Any CPU.ActiveCfg = Release|Any CPU
		{FB017CC7-7F68-42FB-A0E5-C56F867D74A2}.Release|Any CPU.Build.0 = Release|Any CPU
	EndGlobalSection
	GlobalSection(SolutionProperties) = preSolution
		HideSolutionNode = FALSE
	EndGlobalSection
	GlobalSection(ExtensibilityGlobals) = postSolution
		SolutionGuid = {D1CC22CE-9C11-49CF-B562-7D87A4AD23F5}
	EndGlobalSection
EndGlobal
